
Microsoft Visual Studio Solution File, Format Version 12.00
# Visual Studio 15
VisualStudioVersion = 15.0.27428.2027
MinimumVisualStudioVersion = 10.0.40219.1
Project("{FAE04EC0-301F-11D3-BF4B-00C04F79EFBC}") = "LoanCodeFirst", "LoanCodeFirst\LoanCodeFirst.csproj", "{5FF56E7D-30F0-43E1-95E7-1F7D5E1649DB}"
EndProject
Global
	GlobalSection(SolutionConfigurationPlatforms) = preSolution
		Debug|Any CPU = Debug|Any CPU
		Release|Any CPU = Release|Any CPU
	EndGlobalSection
	GlobalSection(ProjectConfigurationPlatforms) = postSolution
		{5FF56E7D-30F0-43E1-95E7-1F7D5E1649DB}.Debug|Any CPU.ActiveCfg = Debug|Any CPU
		{5FF56E7D-30F0-43E1-95E7-1F7D5E1649DB}.Debug|Any CPU.Build.0 = Debug|Any CPU
		{5FF56E7D-30F0-43E1-95E7-1F7D5E1649DB}.Release|Any CPU.ActiveCfg = Release|Any CPU
		{5FF56E7D-30F0-43E1-95E7-1F7D5E1649DB}.Release|Any CPU.Build.0 = Release|Any CPU
	EndGlobalSection
	GlobalSection(SolutionProperties) = preSolution
		HideSolutionNode = FALSE
	EndGlobalSection
	GlobalSection(ExtensibilityGlobals) = postSolution
		SolutionGuid = {C2EF3FAB-4A16-4856-BA14-B7D1E0909D07}
	EndGlobalSection
EndGlobal
